
Microsoft Visual Studio Solution File, Format Version 12.00
# Visual Studio 15
VisualStudioVersion = 15.0.26730.12
MinimumVisualStudioVersion = 10.0.40219.1
Project("{2150E333-8FDC-42A3-9474-1A3956D46DE8}") = "Solution Items", "Solution Items", "{773CED1F-705F-4437-AE14-E91ACF384A58}"
	ProjectSection(SolutionItems) = preProject
		TextFile1.txt = TextFile1.txt
	EndProjectSection
EndProject
Global
	GlobalSection(SolutionProperties) = preSolution
		HideSolutionNode = FALSE
	EndGlobalSection
	GlobalSection(ExtensibilityGlobals) = postSolution
		SolutionGuid = {C52354A0-204A-4E78-8CD0-3EA7915261DB}
	EndGlobalSection
EndGlobal
